
Microsoft Visual Studio Solution File, Format Version 12.00
# Visual Studio Version 16
VisualStudioVersion = 16.0.31729.503
MinimumVisualStudioVersion = 10.0.40219.1
Project("{FAE04EC0-301F-11D3-BF4B-00C04F79EFBC}") = "Homework 5 Source Task 1", "Homework 5 Source Task 1.csproj", "{7D3FC738-4161-469C-90F9-DD364C5BF525}"
EndProject
Global
	GlobalSection(SolutionConfigurationPlatforms) = preSolution
		Debug|Any CPU = Debug|Any CPU
		Release|Any CPU = Release|Any CPU
	EndGlobalSection
	GlobalSection(ProjectConfigurationPlatforms) = postSolution
		{7D3FC738-4161-469C-90F9-DD364C5BF525}.Debug|Any CPU.ActiveCfg = Debug|Any CPU
		{7D3FC738-4161-469C-90F9-DD364C5BF525}.Debug|Any CPU.Build.0 = Debug|Any CPU
		{7D3FC738-4161-469C-90F9-DD364C5BF525}.Release|Any CPU.ActiveCfg = Release|Any CPU
		{7D3FC738-4161-469C-90F9-DD364C5BF525}.Release|Any CPU.Build.0 = Release|Any CPU
	EndGlobalSection
	GlobalSection(SolutionProperties) = preSolution
		HideSolutionNode = FALSE
	EndGlobalSection
	GlobalSection(ExtensibilityGlobals) = postSolution
		SolutionGuid = {2E301D8A-0200-46CB-8506-92155B8550CF}
	EndGlobalSection
EndGlobal
